
Microsoft Visual Studio Solution File, Format Version 12.00
Project("{FAE04EC0-301F-11D3-BF4B-00C04F79EFBC}") = "TagTool.App", "src\TagTool.App\TagTool.App.csproj", "{645CC627-2F78-4A8C-A686-BF813907110D}"
EndProject
Project("{2150E333-8FDC-42A3-9474-1A3956D46DE8}") = "SolutionItems", "SolutionItems", "{8C1FD390-AE9E-4C26-9B1A-DA179141E522}"
	ProjectSection(SolutionItems) = preProject
		.editorconfig = .editorconfig
		.gitignore = .gitignore
		global.json = global.json
		nuget.config = nuget.config
		Settings.XamlStyler = Settings.XamlStyler
		README.md = README.md
		Directory.Packages.props = Directory.Packages.props
	EndProjectSection
EndProject
Project("{FAE04EC0-301F-11D3-BF4B-00C04F79EFBC}") = "TagTool.App.Lite", "src\TagTool.App.Lite\TagTool.App.Lite.csproj", "{4923A981-0EE2-4581-B4E9-34071AE91F45}"
EndProject
Project("{FAE04EC0-301F-11D3-BF4B-00C04F79EFBC}") = "TagTool.App.Core", "src\TagTool.App.Core\TagTool.App.Core.csproj", "{2001A815-D560-43BB-B369-B5D6B95F15AE}"
EndProject
Global
	GlobalSection(SolutionConfigurationPlatforms) = preSolution
		Debug|Any CPU = Debug|Any CPU
		Release|Any CPU = Release|Any CPU
	EndGlobalSection
	GlobalSection(ProjectConfigurationPlatforms) = postSolution
		{645CC627-2F78-4A8C-A686-BF813907110D}.Debug|Any CPU.ActiveCfg = Debug|Any CPU
		{645CC627-2F78-4A8C-A686-BF813907110D}.Debug|Any CPU.Build.0 = Debug|Any CPU
		{645CC627-2F78-4A8C-A686-BF813907110D}.Release|Any CPU.ActiveCfg = Release|Any CPU
		{645CC627-2F78-4A8C-A686-BF813907110D}.Release|Any CPU.Build.0 = Release|Any CPU
		{4923A981-0EE2-4581-B4E9-34071AE91F45}.Debug|Any CPU.ActiveCfg = Debug|Any CPU
		{4923A981-0EE2-4581-B4E9-34071AE91F45}.Debug|Any CPU.Build.0 = Debug|Any CPU
		{4923A981-0EE2-4581-B4E9-34071AE91F45}.Release|Any CPU.ActiveCfg = Release|Any CPU
		{4923A981-0EE2-4581-B4E9-34071AE91F45}.Release|Any CPU.Build.0 = Release|Any CPU
		{2001A815-D560-43BB-B369-B5D6B95F15AE}.Debug|Any CPU.ActiveCfg = Debug|Any CPU
		{2001A815-D560-43BB-B369-B5D6B95F15AE}.Debug|Any CPU.Build.0 = Debug|Any CPU
		{2001A815-D560-43BB-B369-B5D6B95F15AE}.Release|Any CPU.ActiveCfg = Release|Any CPU
		{2001A815-D560-43BB-B369-B5D6B95F15AE}.Release|Any CPU.Build.0 = Release|Any CPU
	EndGlobalSection
EndGlobal
