
Microsoft Visual Studio Solution File, Format Version 12.00
Project("{2150E333-8FDC-42A3-9474-1A3956D46DE8}") = "SolutionItems", "SolutionItems", "{8C1FD390-AE9E-4C26-9B1A-DA179141E522}"
	ProjectSection(SolutionItems) = preProject
		.editorconfig = .editorconfig
		.gitignore = .gitignore
		global.json = global.json
		nuget.config = nuget.config
		Settings.XamlStyler = Settings.XamlStyler
		README.md = README.md
		Directory.Packages.props = Directory.Packages.props
	EndProjectSection
EndProject
Project("{FAE04EC0-301F-11D3-BF4B-00C04F79EFBC}") = "TagTool.App", "src\TagTool.App\TagTool.App.csproj", "{2001A815-D560-43BB-B369-B5D6B95F15AE}"
EndProject
Project("{FAE04EC0-301F-11D3-BF4B-00C04F79EFBC}") = "TagTool.App.Contracts", "src\TagTool.App.Contracts\TagTool.App.Contracts.csproj", "{F258E8B2-313A-480A-9230-1190EB75867B}"
EndProject
Project("{FAE04EC0-301F-11D3-BF4B-00C04F79EFBC}") = "TagTool.App.TaggableFile", "src\TagTool.App.TaggableFile\TagTool.App.TaggableFile.csproj", "{E5C72AE5-476D-4DB4-98C6-6EB152FB3E8D}"
EndProject
Global
	GlobalSection(SolutionConfigurationPlatforms) = preSolution
		Debug|Any CPU = Debug|Any CPU
		Release|Any CPU = Release|Any CPU
	EndGlobalSection
	GlobalSection(ProjectConfigurationPlatforms) = postSolution
		{2001A815-D560-43BB-B369-B5D6B95F15AE}.Debug|Any CPU.ActiveCfg = Debug|Any CPU
		{2001A815-D560-43BB-B369-B5D6B95F15AE}.Debug|Any CPU.Build.0 = Debug|Any CPU
		{2001A815-D560-43BB-B369-B5D6B95F15AE}.Release|Any CPU.ActiveCfg = Release|Any CPU
		{2001A815-D560-43BB-B369-B5D6B95F15AE}.Release|Any CPU.Build.0 = Release|Any CPU
		{F258E8B2-313A-480A-9230-1190EB75867B}.Debug|Any CPU.ActiveCfg = Debug|Any CPU
		{F258E8B2-313A-480A-9230-1190EB75867B}.Debug|Any CPU.Build.0 = Debug|Any CPU
		{F258E8B2-313A-480A-9230-1190EB75867B}.Release|Any CPU.ActiveCfg = Release|Any CPU
		{F258E8B2-313A-480A-9230-1190EB75867B}.Release|Any CPU.Build.0 = Release|Any CPU
		{E5C72AE5-476D-4DB4-98C6-6EB152FB3E8D}.Debug|Any CPU.ActiveCfg = Debug|Any CPU
		{E5C72AE5-476D-4DB4-98C6-6EB152FB3E8D}.Debug|Any CPU.Build.0 = Debug|Any CPU
		{E5C72AE5-476D-4DB4-98C6-6EB152FB3E8D}.Release|Any CPU.ActiveCfg = Release|Any CPU
		{E5C72AE5-476D-4DB4-98C6-6EB152FB3E8D}.Release|Any CPU.Build.0 = Release|Any CPU
	EndGlobalSection
EndGlobal
